// !$*UTF8*$!
{
	archiveVersion = 1;
	classes = {
	};
	objectVersion = 77;
	objects = {

/* Begin PBXBuildFile section */
		E9FD73F62D0C96B8005F4984 /* Text to Emoji.appex in Embed Foundation Extensions */ = {isa = PBXBuildFile; fileRef = E9FD73EF2D0C96B8005F4984 /* Text to Emoji.appex */; settings = {ATTRIBUTES = (RemoveHeadersOnCopy, ); }; };
/* End PBXBuildFile section */

/* Begin PBXContainerItemProxy section */
		E9FD73CF2D0C9692005F4984 /* PBXContainerItemProxy */ = {
			isa = PBXContainerItemProxy;
			containerPortal = E9FD73B62D0C9691005F4984 /* Project object */;
			proxyType = 1;
			remoteGlobalIDString = E9FD73BD2D0C9691005F4984;
			remoteInfo = "emoji keyboard";
		};
		E9FD73D92D0C9692005F4984 /* PBXContainerItemProxy */ = {
			isa = PBXContainerItemProxy;
			containerPortal = E9FD73B62D0C9691005F4984 /* Project object */;
			proxyType = 1;
			remoteGlobalIDString = E9FD73BD2D0C9691005F4984;
			remoteInfo = "emoji keyboard";
		};
		E9FD73F42D0C96B8005F4984 /* PBXContainerItemProxy */ = {
			isa = PBXContainerItemProxy;
			containerPortal = E9FD73B62D0C9691005F4984 /* Project object */;
			proxyType = 1;
			remoteGlobalIDString = E9FD73EE2D0C96B8005F4984;
			remoteInfo = keyboard;
		};
/* End PBXContainerItemProxy section */

/* Begin PBXCopyFilesBuildPhase section */
		E9FD73FB2D0C96B8005F4984 /* Embed Foundation Extensions */ = {
			isa = PBXCopyFilesBuildPhase;
			buildActionMask = 2147483647;
			dstPath = "";
			dstSubfolderSpec = 13;
			files = (
				E9FD73F62D0C96B8005F4984 /* Text to Emoji.appex in Embed Foundation Extensions */,
			);
			name = "Embed Foundation Extensions";
			runOnlyForDeploymentPostprocessing = 0;
		};
/* End PBXCopyFilesBuildPhase section */

/* Begin PBXFileReference section */
		E9FD73BE2D0C9691005F4984 /* emoji keyboard.app */ = {isa = PBXFileReference; explicitFileType = wrapper.application; includeInIndex = 0; path = "emoji keyboard.app"; sourceTree = BUILT_PRODUCTS_DIR; };
		E9FD73CE2D0C9692005F4984 /* emoji keyboardTests.xctest */ = {isa = PBXFileReference; explicitFileType = wrapper.cfbundle; includeInIndex = 0; path = "emoji keyboardTests.xctest"; sourceTree = BUILT_PRODUCTS_DIR; };
		E9FD73D82D0C9692005F4984 /* emoji keyboardUITests.xctest */ = {isa = PBXFileReference; explicitFileType = wrapper.cfbundle; includeInIndex = 0; path = "emoji keyboardUITests.xctest"; sourceTree = BUILT_PRODUCTS_DIR; };
		E9FD73EF2D0C96B8005F4984 /* Text to Emoji.appex */ = {isa = PBXFileReference; explicitFileType = "wrapper.app-extension"; includeInIndex = 0; path = "Text to Emoji.appex"; sourceTree = BUILT_PRODUCTS_DIR; };
/* End PBXFileReference section */

/* Begin PBXFileSystemSynchronizedBuildFileExceptionSet section */
		E9CB4A2F2D0CC564006B8486 /* Exceptions for "keyboard" folder in "Text to Emoji" target */ = {
			isa = PBXFileSystemSynchronizedBuildFileExceptionSet;
			membershipExceptions = (
				Info.plist,
			);
			target = E9FD73EE2D0C96B8005F4984 /* Text to Emoji */;
		};
/* End PBXFileSystemSynchronizedBuildFileExceptionSet section */

/* Begin PBXFileSystemSynchronizedRootGroup section */
		E9FD73C02D0C9691005F4984 /* emoji keyboard */ = {
			isa = PBXFileSystemSynchronizedRootGroup;
			path = "emoji keyboard";
			sourceTree = "<group>";
		};
		E9FD73D12D0C9692005F4984 /* emoji keyboardTests */ = {
			isa = PBXFileSystemSynchronizedRootGroup;
			path = "emoji keyboardTests";
			sourceTree = "<group>";
		};
		E9FD73DB2D0C9692005F4984 /* emoji keyboardUITests */ = {
			isa = PBXFileSystemSynchronizedRootGroup;
			path = "emoji keyboardUITests";
			sourceTree = "<group>";
		};
		E9FD73F02D0C96B8005F4984 /* keyboard */ = {
			isa = PBXFileSystemSynchronizedRootGroup;
			exceptions = (
				E9CB4A2F2D0CC564006B8486 /* Exceptions for "keyboard" folder in "Text to Emoji" target */,
			);
			path = keyboard;
			sourceTree = "<group>";
		};
/* End PBXFileSystemSynchronizedRootGroup section */

/* Begin PBXFrameworksBuildPhase section */
		E9FD73BB2D0C9691005F4984 /* Frameworks */ = {
			isa = PBXFrameworksBuildPhase;
			buildActionMask = 2147483647;
			files = (
			);
			runOnlyForDeploymentPostprocessing = 0;
		};
		E9FD73CB2D0C9692005F4984 /* Frameworks */ = {
			isa = PBXFrameworksBuildPhase;
			buildActionMask = 2147483647;
			files = (
			);
			runOnlyForDeploymentPostprocessing = 0;
		};
		E9FD73D52D0C9692005F4984 /* Frameworks */ = {
			isa = PBXFrameworksBuildPhase;
			buildActionMask = 2147483647;
			files = (
			);
			runOnlyForDeploymentPostprocessing = 0;
		};
		E9FD73EC2D0C96B8005F4984 /* Frameworks */ = {
			isa = PBXFrameworksBuildPhase;
			buildActionMask = 2147483647;
			files = (
			);
			runOnlyForDeploymentPostprocessing = 0;
		};
/* End PBXFrameworksBuildPhase section */

/* Begin PBXGroup section */
		E9FD73B52D0C9691005F4984 = {
			isa = PBXGroup;
			children = (
				E9FD73C02D0C9691005F4984 /* emoji keyboard */,
				E9FD73D12D0C9692005F4984 /* emoji keyboardTests */,
				E9FD73DB2D0C9692005F4984 /* emoji keyboardUITests */,
				E9FD73F02D0C96B8005F4984 /* keyboard */,
				E9FD73BF2D0C9691005F4984 /* Products */,
			);
			sourceTree = "<group>";
		};
		E9FD73BF2D0C9691005F4984 /* Products */ = {
			isa = PBXGroup;
			children = (
				E9FD73BE2D0C9691005F4984 /* emoji keyboard.app */,
				E9FD73CE2D0C9692005F4984 /* emoji keyboardTests.xctest */,
				E9FD73D82D0C9692005F4984 /* emoji keyboardUITests.xctest */,
				E9FD73EF2D0C96B8005F4984 /* Text to Emoji.appex */,
			);
			name = Products;
			sourceTree = "<group>";
		};
/* End PBXGroup section */

/* Begin PBXNativeTarget section */
		E9FD73BD2D0C9691005F4984 /* emoji keyboard */ = {
			isa = PBXNativeTarget;
			buildConfigurationList = E9FD73E22D0C9692005F4984 /* Build configuration list for PBXNativeTarget "emoji keyboard" */;
			buildPhases = (
				E9FD73BA2D0C9691005F4984 /* Sources */,
				E9FD73BB2D0C9691005F4984 /* Frameworks */,
				E9FD73BC2D0C9691005F4984 /* Resources */,
				E9FD73FB2D0C96B8005F4984 /* Embed Foundation Extensions */,
			);
			buildRules = (
			);
			dependencies = (
				E9FD73F52D0C96B8005F4984 /* PBXTargetDependency */,
			);
			fileSystemSynchronizedGroups = (
				E9FD73C02D0C9691005F4984 /* emoji keyboard */,
			);
			name = "emoji keyboard";
			packageProductDependencies = (
			);
			productName = "emoji keyboard";
			productReference = E9FD73BE2D0C9691005F4984 /* emoji keyboard.app */;
			productType = "com.apple.product-type.application";
		};
		E9FD73CD2D0C9692005F4984 /* emoji keyboardTests */ = {
			isa = PBXNativeTarget;
			buildConfigurationList = E9FD73E52D0C9692005F4984 /* Build configuration list for PBXNativeTarget "emoji keyboardTests" */;
			buildPhases = (
				E9FD73CA2D0C9692005F4984 /* Sources */,
				E9FD73CB2D0C9692005F4984 /* Frameworks */,
				E9FD73CC2D0C9692005F4984 /* Resources */,
			);
			buildRules = (
			);
			dependencies = (
				E9FD73D02D0C9692005F4984 /* PBXTargetDependency */,
			);
			fileSystemSynchronizedGroups = (
				E9FD73D12D0C9692005F4984 /* emoji keyboardTests */,
			);
			name = "emoji keyboardTests";
			packageProductDependencies = (
			);
			productName = "emoji keyboardTests";
			productReference = E9FD73CE2D0C9692005F4984 /* emoji keyboardTests.xctest */;
			productType = "com.apple.product-type.bundle.unit-test";
		};
		E9FD73D72D0C9692005F4984 /* emoji keyboardUITests */ = {
			isa = PBXNativeTarget;
			buildConfigurationList = E9FD73E82D0C9692005F4984 /* Build configuration list for PBXNativeTarget "emoji keyboardUITests" */;
			buildPhases = (
				E9FD73D42D0C9692005F4984 /* Sources */,
				E9FD73D52D0C9692005F4984 /* Frameworks */,
				E9FD73D62D0C9692005F4984 /* Resources */,
			);
			buildRules = (
			);
			dependencies = (
				E9FD73DA2D0C9692005F4984 /* PBXTargetDependency */,
			);
			fileSystemSynchronizedGroups = (
				E9FD73DB2D0C9692005F4984 /* emoji keyboardUITests */,
			);
			name = "emoji keyboardUITests";
			packageProductDependencies = (
			);
			productName = "emoji keyboardUITests";
			productReference = E9FD73D82D0C9692005F4984 /* emoji keyboardUITests.xctest */;
			productType = "com.apple.product-type.bundle.ui-testing";
		};
		E9FD73EE2D0C96B8005F4984 /* Text to Emoji */ = {
			isa = PBXNativeTarget;
			buildConfigurationList = E9FD73F82D0C96B8005F4984 /* Build configuration list for PBXNativeTarget "Text to Emoji" */;
			buildPhases = (
				E9FD73EB2D0C96B8005F4984 /* Sources */,
				E9FD73EC2D0C96B8005F4984 /* Frameworks */,
				E9FD73ED2D0C96B8005F4984 /* Resources */,
			);
			buildRules = (
			);
			dependencies = (
			);
			fileSystemSynchronizedGroups = (
				E9FD73F02D0C96B8005F4984 /* keyboard */,
			);
			name = "Text to Emoji";
			packageProductDependencies = (
			);
			productName = keyboard;
			productReference = E9FD73EF2D0C96B8005F4984 /* Text to Emoji.appex */;
			productType = "com.apple.product-type.app-extension";
		};
/* End PBXNativeTarget section */

/* Begin PBXProject section */
		E9FD73B62D0C9691005F4984 /* Project object */ = {
			isa = PBXProject;
			attributes = {
				BuildIndependentTargetsInParallel = 1;
				LastSwiftUpdateCheck = 1620;
				LastUpgradeCheck = 1620;
				TargetAttributes = {
					E9FD73BD2D0C9691005F4984 = {
						CreatedOnToolsVersion = 16.2;
					};
					E9FD73CD2D0C9692005F4984 = {
						CreatedOnToolsVersion = 16.2;
						TestTargetID = E9FD73BD2D0C9691005F4984;
					};
					E9FD73D72D0C9692005F4984 = {
						CreatedOnToolsVersion = 16.2;
						TestTargetID = E9FD73BD2D0C9691005F4984;
					};
					E9FD73EE2D0C96B8005F4984 = {
						CreatedOnToolsVersion = 16.2;
					};
				};
			};
			buildConfigurationList = E9FD73B92D0C9691005F4984 /* Build configuration list for PBXProject "emoji keyboard" */;
			developmentRegion = en;
			hasScannedForEncodings = 0;
			knownRegions = (
				en,
				Base,
			);
			mainGroup = E9FD73B52D0C9691005F4984;
			minimizedProjectReferenceProxies = 1;
			preferredProjectObjectVersion = 77;
			productRefGroup = E9FD73BF2D0C9691005F4984 /* Products */;
			projectDirPath = "";
			projectRoot = "";
			targets = (
				E9FD73BD2D0C9691005F4984 /* emoji keyboard */,
				E9FD73CD2D0C9692005F4984 /* emoji keyboardTests */,
				E9FD73D72D0C9692005F4984 /* emoji keyboardUITests */,
				E9FD73EE2D0C96B8005F4984 /* Text to Emoji */,
			);
		};
/* End PBXProject section */

/* Begin PBXResourcesBuildPhase section */
		E9FD73BC2D0C9691005F4984 /* Resources */ = {
			isa = PBXResourcesBuildPhase;
			buildActionMask = 2147483647;
			files = (
			);
			runOnlyForDeploymentPostprocessing = 0;
		};
		E9FD73CC2D0C9692005F4984 /* Resources */ = {
			isa = PBXResourcesBuildPhase;
			buildActionMask = 2147483647;
			files = (
			);
			runOnlyForDeploymentPostprocessing = 0;
		};
		E9FD73D62D0C9692005F4984 /* Resources */ = {
			isa = PBXResourcesBuildPhase;
			buildActionMask = 2147483647;
			files = (
			);
			runOnlyForDeploymentPostprocessing = 0;
		};
		E9FD73ED2D0C96B8005F4984 /* Resources */ = {
			isa = PBXResourcesBuildPhase;
			buildActionMask = 2147483647;
			files = (
			);
			runOnlyForDeploymentPostprocessing = 0;
		};
/* End PBXResourcesBuildPhase section */

/* Begin PBXSourcesBuildPhase section */
		E9FD73BA2D0C9691005F4984 /* Sources */ = {
			isa = PBXSourcesBuildPhase;
			buildActionMask = 2147483647;
			files = (
			);
			runOnlyForDeploymentPostprocessing = 0;
		};
		E9FD73CA2D0C9692005F4984 /* Sources */ = {
			isa = PBXSourcesBuildPhase;
			buildActionMask = 2147483647;
			files = (
			);
			runOnlyForDeploymentPostprocessing = 0;
		};
		E9FD73D42D0C9692005F4984 /* Sources */ = {
			isa = PBXSourcesBuildPhase;
			buildActionMask = 2147483647;
			files = (
			);
			runOnlyForDeploymentPostprocessing = 0;
		};
		E9FD73EB2D0C96B8005F4984 /* Sources */ = {
			isa = PBXSourcesBuildPhase;
			buildActionMask = 2147483647;
			files = (
			);
			runOnlyForDeploymentPostprocessing = 0;
		};
/* End PBXSourcesBuildPhase section */

/* Begin PBXTargetDependency section */
		E9FD73D02D0C9692005F4984 /* PBXTargetDependency */ = {
			isa = PBXTargetDependency;
			target = E9FD73BD2D0C9691005F4984 /* emoji keyboard */;
			targetProxy = E9FD73CF2D0C9692005F4984 /* PBXContainerItemProxy */;
		};
		E9FD73DA2D0C9692005F4984 /* PBXTargetDependency */ = {
			isa = PBXTargetDependency;
			target = E9FD73BD2D0C9691005F4984 /* emoji keyboard */;
			targetProxy = E9FD73D92D0C9692005F4984 /* PBXContainerItemProxy */;
		};
		E9FD73F52D0C96B8005F4984 /* PBXTargetDependency */ = {
			isa = PBXTargetDependency;
			target = E9FD73EE2D0C96B8005F4984 /* Text to Emoji */;
			targetProxy = E9FD73F42D0C96B8005F4984 /* PBXContainerItemProxy */;
		};
/* End PBXTargetDependency section */

/* Begin XCBuildConfiguration section */
		E9FD73E02D0C9692005F4984 /* Debug */ = {
			isa = XCBuildConfiguration;
			buildSettings = {
				ALWAYS_SEARCH_USER_PATHS = NO;
				ASSETCATALOG_COMPILER_GENERATE_SWIFT_ASSET_SYMBOL_EXTENSIONS = YES;
				CLANG_ANALYZER_NONNULL = YES;
				CLANG_ANALYZER_NUMBER_OBJECT_CONVERSION = YES_AGGRESSIVE;
				CLANG_CXX_LANGUAGE_STANDARD = "gnu++20";
				CLANG_ENABLE_MODULES = YES;
				CLANG_ENABLE_OBJC_ARC = YES;
				CLANG_ENABLE_OBJC_WEAK = YES;
				CLANG_WARN_BLOCK_CAPTURE_AUTORELEASING = YES;
				CLANG_WARN_BOOL_CONVERSION = YES;
				CLANG_WARN_COMMA = YES;
				CLANG_WARN_CONSTANT_CONVERSION = YES;
				CLANG_WARN_DEPRECATED_OBJC_IMPLEMENTATIONS = YES;
				CLANG_WARN_DIRECT_OBJC_ISA_USAGE = YES_ERROR;
				CLANG_WARN_DOCUMENTATION_COMMENTS = YES;
				CLANG_WARN_EMPTY_BODY = YES;
				CLANG_WARN_ENUM_CONVERSION = YES;
				CLANG_WARN_INFINITE_RECURSION = YES;
				CLANG_WARN_INT_CONVERSION = YES;
				CLANG_WARN_NON_LITERAL_NULL_CONVERSION = YES;
				CLANG_WARN_OBJC_IMPLICIT_RETAIN_SELF = YES;
				CLANG_WARN_OBJC_LITERAL_CONVERSION = YES;
				CLANG_WARN_OBJC_ROOT_CLASS = YES_ERROR;
				CLANG_WARN_QUOTED_INCLUDE_IN_FRAMEWORK_HEADER = YES;
				CLANG_WARN_RANGE_LOOP_ANALYSIS = YES;
				CLANG_WARN_STRICT_PROTOTYPES = YES;
				CLANG_WARN_SUSPICIOUS_MOVE = YES;
				CLANG_WARN_UNGUARDED_AVAILABILITY = YES_AGGRESSIVE;
				CLANG_WARN_UNREACHABLE_CODE = YES;
				CLANG_WARN__DUPLICATE_METHOD_MATCH = YES;
				COPY_PHASE_STRIP = NO;
				DEBUG_INFORMATION_FORMAT = dwarf;
				ENABLE_STRICT_OBJC_MSGSEND = YES;
				ENABLE_TESTABILITY = YES;
				ENABLE_USER_SCRIPT_SANDBOXING = YES;
				GCC_C_LANGUAGE_STANDARD = gnu17;
				GCC_DYNAMIC_NO_PIC = NO;
				GCC_NO_COMMON_BLOCKS = YES;
				GCC_OPTIMIZATION_LEVEL = 0;
				GCC_PREPROCESSOR_DEFINITIONS = (
					"DEBUG=1",
					"$(inherited)",
				);
				GCC_WARN_64_TO_32_BIT_CONVERSION = YES;
				GCC_WARN_ABOUT_RETURN_TYPE = YES_ERROR;
				GCC_WARN_UNDECLARED_SELECTOR = YES;
				GCC_WARN_UNINITIALIZED_AUTOS = YES_AGGRESSIVE;
				GCC_WARN_UNUSED_FUNCTION = YES;
				GCC_WARN_UNUSED_VARIABLE = YES;
				IPHONEOS_DEPLOYMENT_TARGET = 18.2;
				LOCALIZATION_PREFERS_STRING_CATALOGS = YES;
				MTL_ENABLE_DEBUG_INFO = INCLUDE_SOURCE;
				MTL_FAST_MATH = YES;
				ONLY_ACTIVE_ARCH = YES;
				SDKROOT = iphoneos;
				SWIFT_ACTIVE_COMPILATION_CONDITIONS = "DEBUG $(inherited)";
				SWIFT_OPTIMIZATION_LEVEL = "-Onone";
			};
			name = Debug;
		};
		E9FD73E12D0C9692005F4984 /* Release */ = {
			isa = XCBuildConfiguration;
			buildSettings = {
				ALWAYS_SEARCH_USER_PATHS = NO;
				ASSETCATALOG_COMPILER_GENERATE_SWIFT_ASSET_SYMBOL_EXTENSIONS = YES;
				CLANG_ANALYZER_NONNULL = YES;
				CLANG_ANALYZER_NUMBER_OBJECT_CONVERSION = YES_AGGRESSIVE;
				CLANG_CXX_LANGUAGE_STANDARD = "gnu++20";
				CLANG_ENABLE_MODULES = YES;
				CLANG_ENABLE_OBJC_ARC = YES;
				CLANG_ENABLE_OBJC_WEAK = YES;
				CLANG_WARN_BLOCK_CAPTURE_AUTORELEASING = YES;
				CLANG_WARN_BOOL_CONVERSION = YES;
				CLANG_WARN_COMMA = YES;
				CLANG_WARN_CONSTANT_CONVERSION = YES;
				CLANG_WARN_DEPRECATED_OBJC_IMPLEMENTATIONS = YES;
				CLANG_WARN_DIRECT_OBJC_ISA_USAGE = YES_ERROR;
				CLANG_WARN_DOCUMENTATION_COMMENTS = YES;
				CLANG_WARN_EMPTY_BODY = YES;
				CLANG_WARN_ENUM_CONVERSION = YES;
				CLANG_WARN_INFINITE_RECURSION = YES;
				CLANG_WARN_INT_CONVERSION = YES;
				CLANG_WARN_NON_LITERAL_NULL_CONVERSION = YES;
				CLANG_WARN_OBJC_IMPLICIT_RETAIN_SELF = YES;
				CLANG_WARN_OBJC_LITERAL_CONVERSION = YES;
				CLANG_WARN_OBJC_ROOT_CLASS = YES_ERROR;
				CLANG_WARN_QUOTED_INCLUDE_IN_FRAMEWORK_HEADER = YES;
				CLANG_WARN_RANGE_LOOP_ANALYSIS = YES;
				CLANG_WARN_STRICT_PROTOTYPES = YES;
				CLANG_WARN_SUSPICIOUS_MOVE = YES;
				CLANG_WARN_UNGUARDED_AVAILABILITY = YES_AGGRESSIVE;
				CLANG_WARN_UNREACHABLE_CODE = YES;
				CLANG_WARN__DUPLICATE_METHOD_MATCH = YES;
				COPY_PHASE_STRIP = NO;
				DEBUG_INFORMATION_FORMAT = "dwarf-with-dsym";
				ENABLE_NS_ASSERTIONS = NO;
				ENABLE_STRICT_OBJC_MSGSEND = YES;
				ENABLE_USER_SCRIPT_SANDBOXING = YES;
				GCC_C_LANGUAGE_STANDARD = gnu17;
				GCC_NO_COMMON_BLOCKS = YES;
				GCC_WARN_64_TO_32_BIT_CONVERSION = YES;
				GCC_WARN_ABOUT_RETURN_TYPE = YES_ERROR;
				GCC_WARN_UNDECLARED_SELECTOR = YES;
				GCC_WARN_UNINITIALIZED_AUTOS = YES_AGGRESSIVE;
				GCC_WARN_UNUSED_FUNCTION = YES;
				GCC_WARN_UNUSED_VARIABLE = YES;
				IPHONEOS_DEPLOYMENT_TARGET = 18.2;
				LOCALIZATION_PREFERS_STRING_CATALOGS = YES;
				MTL_ENABLE_DEBUG_INFO = NO;
				MTL_FAST_MATH = YES;
				SDKROOT = iphoneos;
				SWIFT_COMPILATION_MODE = wholemodule;
				VALIDATE_PRODUCT = YES;
			};
			name = Release;
		};
		E9FD73E32D0C9692005F4984 /* Debug */ = {
			isa = XCBuildConfiguration;
			buildSettings = {
				ASSETCATALOG_COMPILER_APPICON_NAME = AppIcon;
				ASSETCATALOG_COMPILER_GLOBAL_ACCENT_COLOR_NAME = AccentColor;
				CODE_SIGN_STYLE = Automatic;
				CURRENT_PROJECT_VERSION = 1;
				DEVELOPMENT_ASSET_PATHS = "\"emoji keyboard/Preview Content\"";
				DEVELOPMENT_TEAM = N5EDQBY924;
				ENABLE_PREVIEWS = YES;
				GENERATE_INFOPLIST_FILE = YES;
				INFOPLIST_KEY_CFBundleDisplayName = "Text to Emoji";
				INFOPLIST_KEY_UIApplicationSceneManifest_Generation = YES;
				INFOPLIST_KEY_UIApplicationSupportsIndirectInputEvents = YES;
				INFOPLIST_KEY_UILaunchScreen_Generation = YES;
				INFOPLIST_KEY_UISupportedInterfaceOrientations_iPad = "UIInterfaceOrientationPortrait UIInterfaceOrientationPortraitUpsideDown UIInterfaceOrientationLandscapeLeft UIInterfaceOrientationLandscapeRight";
				INFOPLIST_KEY_UISupportedInterfaceOrientations_iPhone = "UIInterfaceOrientationPortrait UIInterfaceOrientationLandscapeLeft UIInterfaceOrientationLandscapeRight";
				LD_RUNPATH_SEARCH_PATHS = (
					"$(inherited)",
					"@executable_path/Frameworks",
				);
				MARKETING_VERSION = 1.0;
				PRODUCT_BUNDLE_IDENTIFIER = "com.z.emoji-keyboard";
				PRODUCT_NAME = "$(TARGET_NAME)";
				SWIFT_EMIT_LOC_STRINGS = YES;
				SWIFT_VERSION = 5.0;
				TARGETED_DEVICE_FAMILY = "1,2";
			};
			name = Debug;
		};
		E9FD73E42D0C9692005F4984 /* Release */ = {
			isa = XCBuildConfiguration;
			buildSettings = {
				ASSETCATALOG_COMPILER_APPICON_NAME = AppIcon;
				ASSETCATALOG_COMPILER_GLOBAL_ACCENT_COLOR_NAME = AccentColor;
				CODE_SIGN_STYLE = Automatic;
				CURRENT_PROJECT_VERSION = 1;
				DEVELOPMENT_ASSET_PATHS = "\"emoji keyboard/Preview Content\"";
				DEVELOPMENT_TEAM = N5EDQBY924;
				ENABLE_PREVIEWS = YES;
				GENERATE_INFOPLIST_FILE = YES;
				INFOPLIST_KEY_CFBundleDisplayName = "Text to Emoji";
				INFOPLIST_KEY_UIApplicationSceneManifest_Generation = YES;
				INFOPLIST_KEY_UIApplicationSupportsIndirectInputEvents = YES;
				INFOPLIST_KEY_UILaunchScreen_Generation = YES;
				INFOPLIST_KEY_UISupportedInterfaceOrientations_iPad = "UIInterfaceOrientationPortrait UIInterfaceOrientationPortraitUpsideDown UIInterfaceOrientationLandscapeLeft UIInterfaceOrientationLandscapeRight";
				INFOPLIST_KEY_UISupportedInterfaceOrientations_iPhone = "UIInterfaceOrientationPortrait UIInterfaceOrientationLandscapeLeft UIInterfaceOrientationLandscapeRight";
				LD_RUNPATH_SEARCH_PATHS = (
					"$(inherited)",
					"@executable_path/Frameworks",
				);
				MARKETING_VERSION = 1.0;
				PRODUCT_BUNDLE_IDENTIFIER = "com.z.emoji-keyboard";
				PRODUCT_NAME = "$(TARGET_NAME)";
				SWIFT_EMIT_LOC_STRINGS = YES;
				SWIFT_VERSION = 5.0;
				TARGETED_DEVICE_FAMILY = "1,2";
			};
			name = Release;
		};
		E9FD73E62D0C9692005F4984 /* Debug */ = {
			isa = XCBuildConfiguration;
			buildSettings = {
				BUNDLE_LOADER = "$(TEST_HOST)";
				CODE_SIGN_STYLE = Automatic;
				CURRENT_PROJECT_VERSION = 1;
				GENERATE_INFOPLIST_FILE = YES;
				IPHONEOS_DEPLOYMENT_TARGET = 18.2;
				MARKETING_VERSION = 1.0;
				PRODUCT_BUNDLE_IDENTIFIER = "com.z.emoji-keyboardTests";
				PRODUCT_NAME = "$(TARGET_NAME)";
				SWIFT_EMIT_LOC_STRINGS = NO;
				SWIFT_VERSION = 5.0;
				TARGETED_DEVICE_FAMILY = "1,2";
				TEST_HOST = "$(BUILT_PRODUCTS_DIR)/emoji keyboard.app/$(BUNDLE_EXECUTABLE_FOLDER_PATH)/emoji keyboard";
			};
			name = Debug;
		};
		E9FD73E72D0C9692005F4984 /* Release */ = {
			isa = XCBuildConfiguration;
			buildSettings = {
				BUNDLE_LOADER = "$(TEST_HOST)";
				CODE_SIGN_STYLE = Automatic;
				CURRENT_PROJECT_VERSION = 1;
				GENERATE_INFOPLIST_FILE = YES;
				IPHONEOS_DEPLOYMENT_TARGET = 18.2;
				MARKETING_VERSION = 1.0;
				PRODUCT_BUNDLE_IDENTIFIER = "com.z.emoji-keyboardTests";
				PRODUCT_NAME = "$(TARGET_NAME)";
				SWIFT_EMIT_LOC_STRINGS = NO;
				SWIFT_VERSION = 5.0;
				TARGETED_DEVICE_FAMILY = "1,2";
				TEST_HOST = "$(BUILT_PRODUCTS_DIR)/emoji keyboard.app/$(BUNDLE_EXECUTABLE_FOLDER_PATH)/emoji keyboard";
			};
			name = Release;
		};
		E9FD73E92D0C9692005F4984 /* Debug */ = {
			isa = XCBuildConfiguration;
			buildSettings = {
				CODE_SIGN_STYLE = Automatic;
				CURRENT_PROJECT_VERSION = 1;
				GENERATE_INFOPLIST_FILE = YES;
				MARKETING_VERSION = 1.0;
				PRODUCT_BUNDLE_IDENTIFIER = "com.z.emoji-keyboardUITests";
				PRODUCT_NAME = "$(TARGET_NAME)";
				SWIFT_EMIT_LOC_STRINGS = NO;
				SWIFT_VERSION = 5.0;
				TARGETED_DEVICE_FAMILY = "1,2";
				TEST_TARGET_NAME = "emoji keyboard";
			};
			name = Debug;
		};
		E9FD73EA2D0C9692005F4984 /* Release */ = {
			isa = XCBuildConfiguration;
			buildSettings = {
				CODE_SIGN_STYLE = Automatic;
				CURRENT_PROJECT_VERSION = 1;
				GENERATE_INFOPLIST_FILE = YES;
				MARKETING_VERSION = 1.0;
				PRODUCT_BUNDLE_IDENTIFIER = "com.z.emoji-keyboardUITests";
				PRODUCT_NAME = "$(TARGET_NAME)";
				SWIFT_EMIT_LOC_STRINGS = NO;
				SWIFT_VERSION = 5.0;
				TARGETED_DEVICE_FAMILY = "1,2";
				TEST_TARGET_NAME = "emoji keyboard";
			};
			name = Release;
		};
		E9FD73F92D0C96B8005F4984 /* Debug */ = {
			isa = XCBuildConfiguration;
			buildSettings = {
				CODE_SIGN_STYLE = Automatic;
				CURRENT_PROJECT_VERSION = 1;
				DEVELOPMENT_TEAM = N5EDQBY924;
				GENERATE_INFOPLIST_FILE = YES;
				INFOPLIST_FILE = keyboard/Info.plist;
				INFOPLIST_KEY_CFBundleDisplayName = "Text to Emoji";
				INFOPLIST_KEY_NSHumanReadableCopyright = "";
				LD_RUNPATH_SEARCH_PATHS = (
					"$(inherited)",
					"@executable_path/Frameworks",
					"@executable_path/../../Frameworks",
				);
				MARKETING_VERSION = 1.0;
				PRODUCT_BUNDLE_IDENTIFIER = "com.z.emoji-keyboard.keyboard";
				PRODUCT_NAME = "$(TARGET_NAME)";
				SKIP_INSTALL = YES;
				SWIFT_EMIT_LOC_STRINGS = YES;
				SWIFT_VERSION = 5.0;
				TARGETED_DEVICE_FAMILY = "1,2";
			};
			name = Debug;
		};
		E9FD73FA2D0C96B8005F4984 /* Release */ = {
			isa = XCBuildConfiguration;
			buildSettings = {
				CODE_SIGN_STYLE = Automatic;
				CURRENT_PROJECT_VERSION = 1;
				DEVELOPMENT_TEAM = N5EDQBY924;
				GENERATE_INFOPLIST_FILE = YES;
				INFOPLIST_FILE = keyboard/Info.plist;
				INFOPLIST_KEY_CFBundleDisplayName = "Text to Emoji";
				INFOPLIST_KEY_NSHumanReadableCopyright = "";
				LD_RUNPATH_SEARCH_PATHS = (
					"$(inherited)",
					"@executable_path/Frameworks",
					"@executable_path/../../Frameworks",
				);
				MARKETING_VERSION = 1.0;
				PRODUCT_BUNDLE_IDENTIFIER = "com.z.emoji-keyboard.keyboard";
				PRODUCT_NAME = "$(TARGET_NAME)";
				SKIP_INSTALL = YES;
				SWIFT_EMIT_LOC_STRINGS = YES;
				SWIFT_VERSION = 5.0;
				TARGETED_DEVICE_FAMILY = "1,2";
			};
			name = Release;
		};
/* End XCBuildConfiguration section */

/* Begin XCConfigurationList section */
		E9FD73B92D0C9691005F4984 /* Build configuration list for PBXProject "emoji keyboard" */ = {
			isa = XCConfigurationList;
			buildConfigurations = (
				E9FD73E02D0C9692005F4984 /* Debug */,
				E9FD73E12D0C9692005F4984 /* Release */,
			);
			defaultConfigurationIsVisible = 0;
			defaultConfigurationName = Release;
		};
		E9FD73E22D0C9692005F4984 /* Build configuration list for PBXNativeTarget "emoji keyboard" */ = {
			isa = XCConfigurationList;
			buildConfigurations = (
				E9FD73E32D0C9692005F4984 /* Debug */,
				E9FD73E42D0C9692005F4984 /* Release */,
			);
			defaultConfigurationIsVisible = 0;
			defaultConfigurationName = Release;
		};
		E9FD73E52D0C9692005F4984 /* Build configuration list for PBXNativeTarget "emoji keyboardTests" */ = {
			isa = XCConfigurationList;
			buildConfigurations = (
				E9FD73E62D0C9692005F4984 /* Debug */,
				E9FD73E72D0C9692005F4984 /* Release */,
			);
			defaultConfigurationIsVisible = 0;
			defaultConfigurationName = Release;
		};
		E9FD73E82D0C9692005F4984 /* Build configuration list for PBXNativeTarget "emoji keyboardUITests" */ = {
			isa = XCConfigurationList;
			buildConfigurations = (
				E9FD73E92D0C9692005F4984 /* Debug */,
				E9FD73EA2D0C9692005F4984 /* Release */,
			);
			defaultConfigurationIsVisible = 0;
			defaultConfigurationName = Release;
		};
		E9FD73F82D0C96B8005F4984 /* Build configuration list for PBXNativeTarget "Text to Emoji" */ = {
			isa = XCConfigurationList;
			buildConfigurations = (
				E9FD73F92D0C96B8005F4984 /* Debug */,
				E9FD73FA2D0C96B8005F4984 /* Release */,
			);
			defaultConfigurationIsVisible = 0;
			defaultConfigurationName = Release;
		};
/* End XCConfigurationList section */
	};
	rootObject = E9FD73B62D0C9691005F4984 /* Project object */;
}
